
Microsoft Visual Studio Solution File, Format Version 12.00
# Visual Studio Version 17
VisualStudioVersion = 17.10.35122.118
MinimumVisualStudioVersion = 10.0.40219.1
Project("{2150E333-8FDC-42A3-9474-1A3956D46DE8}") = "Samples", "Samples", "{1D9C4DDD-E840-4F6E-9310-54D21BC13F31}"
EndProject
Project("{9A19103F-16F7-4668-BE54-9A1E7A4F7556}") = "WinSamples", "Samples\WinSamples\WinSamples.csproj", "{801CC278-82B2-4CEE-84FC-B10B1497A957}"
EndProject
Project("{9A19103F-16F7-4668-BE54-9A1E7A4F7556}") = "BookPost", "Samples\BookPost\BookPost.csproj", "{62DF2113-7ACB-43E7-84D1-316F5D2A6A5C}"
EndProject
Project("{9A19103F-16F7-4668-BE54-9A1E7A4F7556}") = "EasyGet", "Samples\EasyGet\EasyGet.csproj", "{91C7E5DF-18CD-4C80-A75F-E623974B5601}"
EndProject
Project("{9A19103F-16F7-4668-BE54-9A1E7A4F7556}") = "MultiDemo", "Samples\MultiDemo\MultiDemo.csproj", "{0C44D064-B4B5-4A5F-BFCC-4BE3B02036A6}"
EndProject
Project("{9A19103F-16F7-4668-BE54-9A1E7A4F7556}") = "ShareDemo", "Samples\ShareDemo\ShareDemo.csproj", "{13944DE4-542B-43B4-BFAC-942B60009B57}"
EndProject
Project("{9A19103F-16F7-4668-BE54-9A1E7A4F7556}") = "FileUpload", "Samples\FileUpload\FileUpload.csproj", "{843D6F18-DC96-4311-A05A-8A0266701154}"
EndProject
Project("{9A19103F-16F7-4668-BE54-9A1E7A4F7556}") = "Headers", "Samples\Headers\Headers.csproj", "{A664A80B-B15D-4B50-AFB5-A5B580938141}"
EndProject
Project("{9A19103F-16F7-4668-BE54-9A1E7A4F7556}") = "InfoDemo", "Samples\InfoDemo\InfoDemo.csproj", "{5EE3D141-364C-43CE-A59C-B52BB374A154}"
EndProject
Project("{9A19103F-16F7-4668-BE54-9A1E7A4F7556}") = "VersionData", "Samples\VersionData\VersionData.csproj", "{5A9FF361-146F-4D2E-8CFC-1981D2559AC3}"
EndProject
Project("{9A19103F-16F7-4668-BE54-9A1E7A4F7556}") = "Upload", "Samples\Upload\Upload.csproj", "{C4131BFA-DFA2-4AC0-BE07-6C63C22D0BF7}"
EndProject
Project("{9A19103F-16F7-4668-BE54-9A1E7A4F7556}") = "SSLGet", "Samples\SSLGet\SSLGet.csproj", "{683D4D7B-623D-4AC7-846E-E5484366EF6F}"
EndProject
Project("{9A19103F-16F7-4668-BE54-9A1E7A4F7556}") = "CurlSharp", "CurlSharp\CurlSharp.csproj", "{74420A79-CC16-442C-8B1E-7C1B913844F0}"
EndProject
Project("{9A19103F-16F7-4668-BE54-9A1E7A4F7556}") = "EasyPost", "Samples\EasyPost\EasyPost.csproj", "{0E1EA249-6ABC-4DBB-9110-AF7CF4CDFC89}"
EndProject
Project("{9A19103F-16F7-4668-BE54-9A1E7A4F7556}") = "SmtpMail", "Samples\SmtpMail\SmtpMail.csproj", "{89F35B44-C420-48C0-963A-5694E0E1FE26}"
EndProject
Project("{9A19103F-16F7-4668-BE54-9A1E7A4F7556}") = "Http2Download", "Samples\Http2Download\Http2Download.csproj", "{22FE3E45-5FB1-4AEE-8E08-E8F34E5EEC10}"
EndProject
Project("{FAE04EC0-301F-11D3-BF4B-00C04F79EFBC}") = "TestConsoleApp", "Samples\TestConsoleApp\TestConsoleApp.csproj", "{42492E62-360D-4E5B-982A-EC1DCB6A6664}"
EndProject
Global
	GlobalSection(SolutionConfigurationPlatforms) = preSolution
		Debug|Any CPU = Debug|Any CPU
		Debug|Win32 = Debug|Win32
		Debug|x64 = Debug|x64
		Release|Any CPU = Release|Any CPU
		Release|Win32 = Release|Win32
		Release|x64 = Release|x64
		ReleaseWithoutAsm|Any CPU = ReleaseWithoutAsm|Any CPU
		ReleaseWithoutAsm|Win32 = ReleaseWithoutAsm|Win32
		ReleaseWithoutAsm|x64 = ReleaseWithoutAsm|x64
	EndGlobalSection
	GlobalSection(ProjectConfigurationPlatforms) = postSolution
		{801CC278-82B2-4CEE-84FC-B10B1497A957}.Debug|Any CPU.ActiveCfg = Debug|x86
		{801CC278-82B2-4CEE-84FC-B10B1497A957}.Debug|Any CPU.Build.0 = Debug|x86
		{801CC278-82B2-4CEE-84FC-B10B1497A957}.Debug|Win32.ActiveCfg = Debug|x86
		{801CC278-82B2-4CEE-84FC-B10B1497A957}.Debug|Win32.Build.0 = Debug|x86
		{801CC278-82B2-4CEE-84FC-B10B1497A957}.Debug|x64.ActiveCfg = Debug|x86
		{801CC278-82B2-4CEE-84FC-B10B1497A957}.Debug|x64.Build.0 = Debug|x86
		{801CC278-82B2-4CEE-84FC-B10B1497A957}.Release|Any CPU.ActiveCfg = Release|x86
		{801CC278-82B2-4CEE-84FC-B10B1497A957}.Release|Win32.ActiveCfg = Release|x86
		{801CC278-82B2-4CEE-84FC-B10B1497A957}.Release|Win32.Build.0 = Release|x86
		{801CC278-82B2-4CEE-84FC-B10B1497A957}.Release|x64.ActiveCfg = Release|x86
		{801CC278-82B2-4CEE-84FC-B10B1497A957}.ReleaseWithoutAsm|Any CPU.ActiveCfg = Release|x86
		{801CC278-82B2-4CEE-84FC-B10B1497A957}.ReleaseWithoutAsm|Win32.ActiveCfg = Release|x86
		{801CC278-82B2-4CEE-84FC-B10B1497A957}.ReleaseWithoutAsm|x64.ActiveCfg = Release|x86
		{62DF2113-7ACB-43E7-84D1-316F5D2A6A5C}.Debug|Any CPU.ActiveCfg = Debug|Any CPU
		{62DF2113-7ACB-43E7-84D1-316F5D2A6A5C}.Debug|Any CPU.Build.0 = Debug|Any CPU
		{62DF2113-7ACB-43E7-84D1-316F5D2A6A5C}.Debug|Win32.ActiveCfg = Debug|Any CPU
		{62DF2113-7ACB-43E7-84D1-316F5D2A6A5C}.Debug|Win32.Build.0 = Debug|Any CPU
		{62DF2113-7ACB-43E7-84D1-316F5D2A6A5C}.Debug|x64.ActiveCfg = Debug|Any CPU
		{62DF2113-7ACB-43E7-84D1-316F5D2A6A5C}.Debug|x64.Build.0 = Debug|Any CPU
		{62DF2113-7ACB-43E7-84D1-316F5D2A6A5C}.Release|Any CPU.ActiveCfg = Release|Any CPU
		{62DF2113-7ACB-43E7-84D1-316F5D2A6A5C}.Release|Any CPU.Build.0 = Release|Any CPU
		{62DF2113-7ACB-43E7-84D1-316F5D2A6A5C}.Release|Win32.ActiveCfg = Release|Any CPU
		{62DF2113-7ACB-43E7-84D1-316F5D2A6A5C}.Release|Win32.Build.0 = Release|Any CPU
		{62DF2113-7ACB-43E7-84D1-316F5D2A6A5C}.Release|x64.ActiveCfg = Release|Any CPU
		{62DF2113-7ACB-43E7-84D1-316F5D2A6A5C}.Release|x64.Build.0 = Release|Any CPU
		{62DF2113-7ACB-43E7-84D1-316F5D2A6A5C}.ReleaseWithoutAsm|Any CPU.ActiveCfg = Debug|Any CPU
		{62DF2113-7ACB-43E7-84D1-316F5D2A6A5C}.ReleaseWithoutAsm|Any CPU.Build.0 = Debug|Any CPU
		{62DF2113-7ACB-43E7-84D1-316F5D2A6A5C}.ReleaseWithoutAsm|Win32.ActiveCfg = Debug|Any CPU
		{62DF2113-7ACB-43E7-84D1-316F5D2A6A5C}.ReleaseWithoutAsm|Win32.Build.0 = Debug|Any CPU
		{62DF2113-7ACB-43E7-84D1-316F5D2A6A5C}.ReleaseWithoutAsm|x64.ActiveCfg = Debug|Any CPU
		{62DF2113-7ACB-43E7-84D1-316F5D2A6A5C}.ReleaseWithoutAsm|x64.Build.0 = Debug|Any CPU
		{91C7E5DF-18CD-4C80-A75F-E623974B5601}.Debug|Any CPU.ActiveCfg = Debug|Any CPU
		{91C7E5DF-18CD-4C80-A75F-E623974B5601}.Debug|Any CPU.Build.0 = Debug|Any CPU
		{91C7E5DF-18CD-4C80-A75F-E623974B5601}.Debug|Win32.ActiveCfg = Debug|Any CPU
		{91C7E5DF-18CD-4C80-A75F-E623974B5601}.Debug|Win32.Build.0 = Debug|Any CPU
		{91C7E5DF-18CD-4C80-A75F-E623974B5601}.Debug|x64.ActiveCfg = Debug|Any CPU
		{91C7E5DF-18CD-4C80-A75F-E623974B5601}.Debug|x64.Build.0 = Debug|Any CPU
		{91C7E5DF-18CD-4C80-A75F-E623974B5601}.Release|Any CPU.ActiveCfg = Release|Any CPU
		{91C7E5DF-18CD-4C80-A75F-E623974B5601}.Release|Any CPU.Build.0 = Release|Any CPU
		{91C7E5DF-18CD-4C80-A75F-E623974B5601}.Release|Win32.ActiveCfg = Release|Any CPU
		{91C7E5DF-18CD-4C80-A75F-E623974B5601}.Release|Win32.Build.0 = Release|Any CPU
		{91C7E5DF-18CD-4C80-A75F-E623974B5601}.Release|x64.ActiveCfg = Release|Any CPU
		{91C7E5DF-18CD-4C80-A75F-E623974B5601}.Release|x64.Build.0 = Release|Any CPU
		{91C7E5DF-18CD-4C80-A75F-E623974B5601}.ReleaseWithoutAsm|Any CPU.ActiveCfg = Debug|Any CPU
		{91C7E5DF-18CD-4C80-A75F-E623974B5601}.ReleaseWithoutAsm|Any CPU.Build.0 = Debug|Any CPU
		{91C7E5DF-18CD-4C80-A75F-E623974B5601}.ReleaseWithoutAsm|Win32.ActiveCfg = Debug|Any CPU
		{91C7E5DF-18CD-4C80-A75F-E623974B5601}.ReleaseWithoutAsm|Win32.Build.0 = Debug|Any CPU
		{91C7E5DF-18CD-4C80-A75F-E623974B5601}.ReleaseWithoutAsm|x64.ActiveCfg = Debug|Any CPU
		{91C7E5DF-18CD-4C80-A75F-E623974B5601}.ReleaseWithoutAsm|x64.Build.0 = Debug|Any CPU
		{0C44D064-B4B5-4A5F-BFCC-4BE3B02036A6}.Debug|Any CPU.ActiveCfg = Debug|Any CPU
		{0C44D064-B4B5-4A5F-BFCC-4BE3B02036A6}.Debug|Any CPU.Build.0 = Debug|Any CPU
		{0C44D064-B4B5-4A5F-BFCC-4BE3B02036A6}.Debug|Win32.ActiveCfg = Debug|Any CPU
		{0C44D064-B4B5-4A5F-BFCC-4BE3B02036A6}.Debug|Win32.Build.0 = Debug|Any CPU
		{0C44D064-B4B5-4A5F-BFCC-4BE3B02036A6}.Debug|x64.ActiveCfg = Debug|Any CPU
		{0C44D064-B4B5-4A5F-BFCC-4BE3B02036A6}.Debug|x64.Build.0 = Debug|Any CPU
		{0C44D064-B4B5-4A5F-BFCC-4BE3B02036A6}.Release|Any CPU.ActiveCfg = Release|Any CPU
		{0C44D064-B4B5-4A5F-BFCC-4BE3B02036A6}.Release|Any CPU.Build.0 = Release|Any CPU
		{0C44D064-B4B5-4A5F-BFCC-4BE3B02036A6}.Release|Win32.ActiveCfg = Release|Any CPU
		{0C44D064-B4B5-4A5F-BFCC-4BE3B02036A6}.Release|Win32.Build.0 = Release|Any CPU
		{0C44D064-B4B5-4A5F-BFCC-4BE3B02036A6}.Release|x64.ActiveCfg = Release|Any CPU
		{0C44D064-B4B5-4A5F-BFCC-4BE3B02036A6}.Release|x64.Build.0 = Release|Any CPU
		{0C44D064-B4B5-4A5F-BFCC-4BE3B02036A6}.ReleaseWithoutAsm|Any CPU.ActiveCfg = Debug|Any CPU
		{0C44D064-B4B5-4A5F-BFCC-4BE3B02036A6}.ReleaseWithoutAsm|Any CPU.Build.0 = Debug|Any CPU
		{0C44D064-B4B5-4A5F-BFCC-4BE3B02036A6}.ReleaseWithoutAsm|Win32.ActiveCfg = Debug|Any CPU
		{0C44D064-B4B5-4A5F-BFCC-4BE3B02036A6}.ReleaseWithoutAsm|Win32.Build.0 = Debug|Any CPU
		{0C44D064-B4B5-4A5F-BFCC-4BE3B02036A6}.ReleaseWithoutAsm|x64.ActiveCfg = Debug|Any CPU
		{0C44D064-B4B5-4A5F-BFCC-4BE3B02036A6}.ReleaseWithoutAsm|x64.Build.0 = Debug|Any CPU
		{13944DE4-542B-43B4-BFAC-942B60009B57}.Debug|Any CPU.ActiveCfg = Debug|Any CPU
		{13944DE4-542B-43B4-BFAC-942B60009B57}.Debug|Any CPU.Build.0 = Debug|Any CPU
		{13944DE4-542B-43B4-BFAC-942B60009B57}.Debug|Win32.ActiveCfg = Debug|Any CPU
		{13944DE4-542B-43B4-BFAC-942B60009B57}.Debug|Win32.Build.0 = Debug|Any CPU
		{13944DE4-542B-43B4-BFAC-942B60009B57}.Debug|x64.ActiveCfg = Debug|Any CPU
		{13944DE4-542B-43B4-BFAC-942B60009B57}.Debug|x64.Build.0 = Debug|Any CPU
		{13944DE4-542B-43B4-BFAC-942B60009B57}.Release|Any CPU.ActiveCfg = Release|Any CPU
		{13944DE4-542B-43B4-BFAC-942B60009B57}.Release|Any CPU.Build.0 = Release|Any CPU
		{13944DE4-542B-43B4-BFAC-942B60009B57}.Release|Win32.ActiveCfg = Release|Any CPU
		{13944DE4-542B-43B4-BFAC-942B60009B57}.Release|Win32.Build.0 = Release|Any CPU
		{13944DE4-542B-43B4-BFAC-942B60009B57}.Release|x64.ActiveCfg = Release|Any CPU
		{13944DE4-542B-43B4-BFAC-942B60009B57}.Release|x64.Build.0 = Release|Any CPU
		{13944DE4-542B-43B4-BFAC-942B60009B57}.ReleaseWithoutAsm|Any CPU.ActiveCfg = Debug|Any CPU
		{13944DE4-542B-43B4-BFAC-942B60009B57}.ReleaseWithoutAsm|Any CPU.Build.0 = Debug|Any CPU
		{13944DE4-542B-43B4-BFAC-942B60009B57}.ReleaseWithoutAsm|Win32.ActiveCfg = Debug|Any CPU
		{13944DE4-542B-43B4-BFAC-942B60009B57}.ReleaseWithoutAsm|Win32.Build.0 = Debug|Any CPU
		{13944DE4-542B-43B4-BFAC-942B60009B57}.ReleaseWithoutAsm|x64.ActiveCfg = Debug|Any CPU
		{13944DE4-542B-43B4-BFAC-942B60009B57}.ReleaseWithoutAsm|x64.Build.0 = Debug|Any CPU
		{843D6F18-DC96-4311-A05A-8A0266701154}.Debug|Any CPU.ActiveCfg = Debug|Any CPU
		{843D6F18-DC96-4311-A05A-8A0266701154}.Debug|Any CPU.Build.0 = Debug|Any CPU
		{843D6F18-DC96-4311-A05A-8A0266701154}.Debug|Win32.ActiveCfg = Debug|Any CPU
		{843D6F18-DC96-4311-A05A-8A0266701154}.Debug|Win32.Build.0 = Debug|Any CPU
		{843D6F18-DC96-4311-A05A-8A0266701154}.Debug|x64.ActiveCfg = Debug|Any CPU
		{843D6F18-DC96-4311-A05A-8A0266701154}.Debug|x64.Build.0 = Debug|Any CPU
		{843D6F18-DC96-4311-A05A-8A0266701154}.Release|Any CPU.ActiveCfg = Release|Any CPU
		{843D6F18-DC96-4311-A05A-8A0266701154}.Release|Any CPU.Build.0 = Release|Any CPU
		{843D6F18-DC96-4311-A05A-8A0266701154}.Release|Win32.ActiveCfg = Release|Any CPU
		{843D6F18-DC96-4311-A05A-8A0266701154}.Release|Win32.Build.0 = Release|Any CPU
		{843D6F18-DC96-4311-A05A-8A0266701154}.Release|x64.ActiveCfg = Release|Any CPU
		{843D6F18-DC96-4311-A05A-8A0266701154}.Release|x64.Build.0 = Release|Any CPU
		{843D6F18-DC96-4311-A05A-8A0266701154}.ReleaseWithoutAsm|Any CPU.ActiveCfg = Debug|Any CPU
		{843D6F18-DC96-4311-A05A-8A0266701154}.ReleaseWithoutAsm|Any CPU.Build.0 = Debug|Any CPU
		{843D6F18-DC96-4311-A05A-8A0266701154}.ReleaseWithoutAsm|Win32.ActiveCfg = Debug|Any CPU
		{843D6F18-DC96-4311-A05A-8A0266701154}.ReleaseWithoutAsm|Win32.Build.0 = Debug|Any CPU
		{843D6F18-DC96-4311-A05A-8A0266701154}.ReleaseWithoutAsm|x64.ActiveCfg = Debug|Any CPU
		{843D6F18-DC96-4311-A05A-8A0266701154}.ReleaseWithoutAsm|x64.Build.0 = Debug|Any CPU
		{A664A80B-B15D-4B50-AFB5-A5B580938141}.Debug|Any CPU.ActiveCfg = Debug|Any CPU
		{A664A80B-B15D-4B50-AFB5-A5B580938141}.Debug|Any CPU.Build.0 = Debug|Any CPU
		{A664A80B-B15D-4B50-AFB5-A5B580938141}.Debug|Win32.ActiveCfg = Debug|Any CPU
		{A664A80B-B15D-4B50-AFB5-A5B580938141}.Debug|Win32.Build.0 = Debug|Any CPU
		{A664A80B-B15D-4B50-AFB5-A5B580938141}.Debug|x64.ActiveCfg = Debug|Any CPU
		{A664A80B-B15D-4B50-AFB5-A5B580938141}.Debug|x64.Build.0 = Debug|Any CPU
		{A664A80B-B15D-4B50-AFB5-A5B580938141}.Release|Any CPU.ActiveCfg = Release|Any CPU
		{A664A80B-B15D-4B50-AFB5-A5B580938141}.Release|Any CPU.Build.0 = Release|Any CPU
		{A664A80B-B15D-4B50-AFB5-A5B580938141}.Release|Win32.ActiveCfg = Release|Any CPU
		{A664A80B-B15D-4B50-AFB5-A5B580938141}.Release|Win32.Build.0 = Release|Any CPU
		{A664A80B-B15D-4B50-AFB5-A5B580938141}.Release|x64.ActiveCfg = Release|Any CPU
		{A664A80B-B15D-4B50-AFB5-A5B580938141}.Release|x64.Build.0 = Release|Any CPU
		{A664A80B-B15D-4B50-AFB5-A5B580938141}.ReleaseWithoutAsm|Any CPU.ActiveCfg = Debug|Any CPU
		{A664A80B-B15D-4B50-AFB5-A5B580938141}.ReleaseWithoutAsm|Any CPU.Build.0 = Debug|Any CPU
		{A664A80B-B15D-4B50-AFB5-A5B580938141}.ReleaseWithoutAsm|Win32.ActiveCfg = Debug|Any CPU
		{A664A80B-B15D-4B50-AFB5-A5B580938141}.ReleaseWithoutAsm|Win32.Build.0 = Debug|Any CPU
		{A664A80B-B15D-4B50-AFB5-A5B580938141}.ReleaseWithoutAsm|x64.ActiveCfg = Debug|Any CPU
		{A664A80B-B15D-4B50-AFB5-A5B580938141}.ReleaseWithoutAsm|x64.Build.0 = Debug|Any CPU
		{5EE3D141-364C-43CE-A59C-B52BB374A154}.Debug|Any CPU.ActiveCfg = Debug|Any CPU
		{5EE3D141-364C-43CE-A59C-B52BB374A154}.Debug|Any CPU.Build.0 = Debug|Any CPU
		{5EE3D141-364C-43CE-A59C-B52BB374A154}.Debug|Win32.ActiveCfg = Debug|Any CPU
		{5EE3D141-364C-43CE-A59C-B52BB374A154}.Debug|Win32.Build.0 = Debug|Any CPU
		{5EE3D141-364C-43CE-A59C-B52BB374A154}.Debug|x64.ActiveCfg = Debug|Any CPU
		{5EE3D141-364C-43CE-A59C-B52BB374A154}.Debug|x64.Build.0 = Debug|Any CPU
		{5EE3D141-364C-43CE-A59C-B52BB374A154}.Release|Any CPU.ActiveCfg = Release|Any CPU
		{5EE3D141-364C-43CE-A59C-B52BB374A154}.Release|Any CPU.Build.0 = Release|Any CPU
		{5EE3D141-364C-43CE-A59C-B52BB374A154}.Release|Win32.ActiveCfg = Release|Any CPU
		{5EE3D141-364C-43CE-A59C-B52BB374A154}.Release|Win32.Build.0 = Release|Any CPU
		{5EE3D141-364C-43CE-A59C-B52BB374A154}.Release|x64.ActiveCfg = Release|Any CPU
		{5EE3D141-364C-43CE-A59C-B52BB374A154}.Release|x64.Build.0 = Release|Any CPU
		{5EE3D141-364C-43CE-A59C-B52BB374A154}.ReleaseWithoutAsm|Any CPU.ActiveCfg = Debug|Any CPU
		{5EE3D141-364C-43CE-A59C-B52BB374A154}.ReleaseWithoutAsm|Any CPU.Build.0 = Debug|Any CPU
		{5EE3D141-364C-43CE-A59C-B52BB374A154}.ReleaseWithoutAsm|Win32.ActiveCfg = Debug|Any CPU
		{5EE3D141-364C-43CE-A59C-B52BB374A154}.ReleaseWithoutAsm|Win32.Build.0 = Debug|Any CPU
		{5EE3D141-364C-43CE-A59C-B52BB374A154}.ReleaseWithoutAsm|x64.ActiveCfg = Debug|Any CPU
		{5EE3D141-364C-43CE-A59C-B52BB374A154}.ReleaseWithoutAsm|x64.Build.0 = Debug|Any CPU
		{5A9FF361-146F-4D2E-8CFC-1981D2559AC3}.Debug|Any CPU.ActiveCfg = Debug|Any CPU
		{5A9FF361-146F-4D2E-8CFC-1981D2559AC3}.Debug|Any CPU.Build.0 = Debug|Any CPU
		{5A9FF361-146F-4D2E-8CFC-1981D2559AC3}.Debug|Win32.ActiveCfg = Debug|Any CPU
		{5A9FF361-146F-4D2E-8CFC-1981D2559AC3}.Debug|Win32.Build.0 = Debug|Any CPU
		{5A9FF361-146F-4D2E-8CFC-1981D2559AC3}.Debug|x64.ActiveCfg = Debug|Any CPU
		{5A9FF361-146F-4D2E-8CFC-1981D2559AC3}.Debug|x64.Build.0 = Debug|Any CPU
		{5A9FF361-146F-4D2E-8CFC-1981D2559AC3}.Release|Any CPU.ActiveCfg = Release|Any CPU
		{5A9FF361-146F-4D2E-8CFC-1981D2559AC3}.Release|Any CPU.Build.0 = Release|Any CPU
		{5A9FF361-146F-4D2E-8CFC-1981D2559AC3}.Release|Win32.ActiveCfg = Release|Any CPU
		{5A9FF361-146F-4D2E-8CFC-1981D2559AC3}.Release|Win32.Build.0 = Release|Any CPU
		{5A9FF361-146F-4D2E-8CFC-1981D2559AC3}.Release|x64.ActiveCfg = Release|Any CPU
		{5A9FF361-146F-4D2E-8CFC-1981D2559AC3}.Release|x64.Build.0 = Release|Any CPU
		{5A9FF361-146F-4D2E-8CFC-1981D2559AC3}.ReleaseWithoutAsm|Any CPU.ActiveCfg = Debug|Any CPU
		{5A9FF361-146F-4D2E-8CFC-1981D2559AC3}.ReleaseWithoutAsm|Any CPU.Build.0 = Debug|Any CPU
		{5A9FF361-146F-4D2E-8CFC-1981D2559AC3}.ReleaseWithoutAsm|Win32.ActiveCfg = Debug|Any CPU
		{5A9FF361-146F-4D2E-8CFC-1981D2559AC3}.ReleaseWithoutAsm|Win32.Build.0 = Debug|Any CPU
		{5A9FF361-146F-4D2E-8CFC-1981D2559AC3}.ReleaseWithoutAsm|x64.ActiveCfg = Debug|Any CPU
		{5A9FF361-146F-4D2E-8CFC-1981D2559AC3}.ReleaseWithoutAsm|x64.Build.0 = Debug|Any CPU
		{C4131BFA-DFA2-4AC0-BE07-6C63C22D0BF7}.Debug|Any CPU.ActiveCfg = Debug|Any CPU
		{C4131BFA-DFA2-4AC0-BE07-6C63C22D0BF7}.Debug|Any CPU.Build.0 = Debug|Any CPU
		{C4131BFA-DFA2-4AC0-BE07-6C63C22D0BF7}.Debug|Win32.ActiveCfg = Debug|Any CPU
		{C4131BFA-DFA2-4AC0-BE07-6C63C22D0BF7}.Debug|Win32.Build.0 = Debug|Any CPU
		{C4131BFA-DFA2-4AC0-BE07-6C63C22D0BF7}.Debug|x64.ActiveCfg = Debug|Any CPU
		{C4131BFA-DFA2-4AC0-BE07-6C63C22D0BF7}.Debug|x64.Build.0 = Debug|Any CPU
		{C4131BFA-DFA2-4AC0-BE07-6C63C22D0BF7}.Release|Any CPU.ActiveCfg = Release|Any CPU
		{C4131BFA-DFA2-4AC0-BE07-6C63C22D0BF7}.Release|Any CPU.Build.0 = Release|Any CPU
		{C4131BFA-DFA2-4AC0-BE07-6C63C22D0BF7}.Release|Win32.ActiveCfg = Release|Any CPU
		{C4131BFA-DFA2-4AC0-BE07-6C63C22D0BF7}.Release|Win32.Build.0 = Release|Any CPU
		{C4131BFA-DFA2-4AC0-BE07-6C63C22D0BF7}.Release|x64.ActiveCfg = Release|Any CPU
		{C4131BFA-DFA2-4AC0-BE07-6C63C22D0BF7}.Release|x64.Build.0 = Release|Any CPU
		{C4131BFA-DFA2-4AC0-BE07-6C63C22D0BF7}.ReleaseWithoutAsm|Any CPU.ActiveCfg = Debug|Any CPU
		{C4131BFA-DFA2-4AC0-BE07-6C63C22D0BF7}.ReleaseWithoutAsm|Any CPU.Build.0 = Debug|Any CPU
		{C4131BFA-DFA2-4AC0-BE07-6C63C22D0BF7}.ReleaseWithoutAsm|Win32.ActiveCfg = Debug|Any CPU
		{C4131BFA-DFA2-4AC0-BE07-6C63C22D0BF7}.ReleaseWithoutAsm|Win32.Build.0 = Debug|Any CPU
		{C4131BFA-DFA2-4AC0-BE07-6C63C22D0BF7}.ReleaseWithoutAsm|x64.ActiveCfg = Debug|Any CPU
		{C4131BFA-DFA2-4AC0-BE07-6C63C22D0BF7}.ReleaseWithoutAsm|x64.Build.0 = Debug|Any CPU
		{683D4D7B-623D-4AC7-846E-E5484366EF6F}.Debug|Any CPU.ActiveCfg = Debug|Any CPU
		{683D4D7B-623D-4AC7-846E-E5484366EF6F}.Debug|Any CPU.Build.0 = Debug|Any CPU
		{683D4D7B-623D-4AC7-846E-E5484366EF6F}.Debug|Win32.ActiveCfg = Debug|Any CPU
		{683D4D7B-623D-4AC7-846E-E5484366EF6F}.Debug|Win32.Build.0 = Debug|Any CPU
		{683D4D7B-623D-4AC7-846E-E5484366EF6F}.Debug|x64.ActiveCfg = Debug|Any CPU
		{683D4D7B-623D-4AC7-846E-E5484366EF6F}.Debug|x64.Build.0 = Debug|Any CPU
		{683D4D7B-623D-4AC7-846E-E5484366EF6F}.Release|Any CPU.ActiveCfg = Release|Any CPU
		{683D4D7B-623D-4AC7-846E-E5484366EF6F}.Release|Any CPU.Build.0 = Release|Any CPU
		{683D4D7B-623D-4AC7-846E-E5484366EF6F}.Release|Win32.ActiveCfg = Release|Any CPU
		{683D4D7B-623D-4AC7-846E-E5484366EF6F}.Release|Win32.Build.0 = Release|Any CPU
		{683D4D7B-623D-4AC7-846E-E5484366EF6F}.Release|x64.ActiveCfg = Release|Any CPU
		{683D4D7B-623D-4AC7-846E-E5484366EF6F}.Release|x64.Build.0 = Release|Any CPU
		{683D4D7B-623D-4AC7-846E-E5484366EF6F}.ReleaseWithoutAsm|Any CPU.ActiveCfg = Release|Any CPU
		{683D4D7B-623D-4AC7-846E-E5484366EF6F}.ReleaseWithoutAsm|Any CPU.Build.0 = Release|Any CPU
		{683D4D7B-623D-4AC7-846E-E5484366EF6F}.ReleaseWithoutAsm|Win32.ActiveCfg = Release|Any CPU
		{683D4D7B-623D-4AC7-846E-E5484366EF6F}.ReleaseWithoutAsm|Win32.Build.0 = Release|Any CPU
		{683D4D7B-623D-4AC7-846E-E5484366EF6F}.ReleaseWithoutAsm|x64.ActiveCfg = Release|Any CPU
		{683D4D7B-623D-4AC7-846E-E5484366EF6F}.ReleaseWithoutAsm|x64.Build.0 = Release|Any CPU
		{74420A79-CC16-442C-8B1E-7C1B913844F0}.Debug|Any CPU.ActiveCfg = Debug|Any CPU
		{74420A79-CC16-442C-8B1E-7C1B913844F0}.Debug|Any CPU.Build.0 = Debug|Any CPU
		{74420A79-CC16-442C-8B1E-7C1B913844F0}.Debug|Win32.ActiveCfg = Debug|Any CPU
		{74420A79-CC16-442C-8B1E-7C1B913844F0}.Debug|Win32.Build.0 = Debug|Any CPU
		{74420A79-CC16-442C-8B1E-7C1B913844F0}.Debug|x64.ActiveCfg = Debug|Any CPU
		{74420A79-CC16-442C-8B1E-7C1B913844F0}.Debug|x64.Build.0 = Debug|Any CPU
		{74420A79-CC16-442C-8B1E-7C1B913844F0}.Release|Any CPU.ActiveCfg = Release|Any CPU
		{74420A79-CC16-442C-8B1E-7C1B913844F0}.Release|Any CPU.Build.0 = Release|Any CPU
		{74420A79-CC16-442C-8B1E-7C1B913844F0}.Release|Win32.ActiveCfg = Release|Any CPU
		{74420A79-CC16-442C-8B1E-7C1B913844F0}.Release|Win32.Build.0 = Release|Any CPU
		{74420A79-CC16-442C-8B1E-7C1B913844F0}.Release|x64.ActiveCfg = Release|Any CPU
		{74420A79-CC16-442C-8B1E-7C1B913844F0}.Release|x64.Build.0 = Release|Any CPU
		{74420A79-CC16-442C-8B1E-7C1B913844F0}.ReleaseWithoutAsm|Any CPU.ActiveCfg = Debug|Any CPU
		{74420A79-CC16-442C-8B1E-7C1B913844F0}.ReleaseWithoutAsm|Any CPU.Build.0 = Debug|Any CPU
		{74420A79-CC16-442C-8B1E-7C1B913844F0}.ReleaseWithoutAsm|Win32.ActiveCfg = Debug|Any CPU
		{74420A79-CC16-442C-8B1E-7C1B913844F0}.ReleaseWithoutAsm|Win32.Build.0 = Debug|Any CPU
		{74420A79-CC16-442C-8B1E-7C1B913844F0}.ReleaseWithoutAsm|x64.ActiveCfg = Debug|Any CPU
		{74420A79-CC16-442C-8B1E-7C1B913844F0}.ReleaseWithoutAsm|x64.Build.0 = Debug|Any CPU
		{0E1EA249-6ABC-4DBB-9110-AF7CF4CDFC89}.Debug|Any CPU.ActiveCfg = Debug|Any CPU
		{0E1EA249-6ABC-4DBB-9110-AF7CF4CDFC89}.Debug|Any CPU.Build.0 = Debug|Any CPU
		{0E1EA249-6ABC-4DBB-9110-AF7CF4CDFC89}.Debug|Win32.ActiveCfg = Debug|Any CPU
		{0E1EA249-6ABC-4DBB-9110-AF7CF4CDFC89}.Debug|Win32.Build.0 = Debug|Any CPU
		{0E1EA249-6ABC-4DBB-9110-AF7CF4CDFC89}.Debug|x64.ActiveCfg = Debug|Any CPU
		{0E1EA249-6ABC-4DBB-9110-AF7CF4CDFC89}.Debug|x64.Build.0 = Debug|Any CPU
		{0E1EA249-6ABC-4DBB-9110-AF7CF4CDFC89}.Release|Any CPU.ActiveCfg = Release|Any CPU
		{0E1EA249-6ABC-4DBB-9110-AF7CF4CDFC89}.Release|Any CPU.Build.0 = Release|Any CPU
		{0E1EA249-6ABC-4DBB-9110-AF7CF4CDFC89}.Release|Win32.ActiveCfg = Release|Any CPU
		{0E1EA249-6ABC-4DBB-9110-AF7CF4CDFC89}.Release|x64.ActiveCfg = Release|Any CPU
		{0E1EA249-6ABC-4DBB-9110-AF7CF4CDFC89}.ReleaseWithoutAsm|Any CPU.ActiveCfg = Release|Any CPU
		{0E1EA249-6ABC-4DBB-9110-AF7CF4CDFC89}.ReleaseWithoutAsm|Any CPU.Build.0 = Release|Any CPU
		{0E1EA249-6ABC-4DBB-9110-AF7CF4CDFC89}.ReleaseWithoutAsm|Win32.ActiveCfg = Release|Any CPU
		{0E1EA249-6ABC-4DBB-9110-AF7CF4CDFC89}.ReleaseWithoutAsm|x64.ActiveCfg = Release|Any CPU
		{89F35B44-C420-48C0-963A-5694E0E1FE26}.Debug|Any CPU.ActiveCfg = Debug|Any CPU
		{89F35B44-C420-48C0-963A-5694E0E1FE26}.Debug|Any CPU.Build.0 = Debug|Any CPU
		{89F35B44-C420-48C0-963A-5694E0E1FE26}.Debug|Win32.ActiveCfg = Debug|Any CPU
		{89F35B44-C420-48C0-963A-5694E0E1FE26}.Debug|Win32.Build.0 = Debug|Any CPU
		{89F35B44-C420-48C0-963A-5694E0E1FE26}.Debug|x64.ActiveCfg = Debug|Any CPU
		{89F35B44-C420-48C0-963A-5694E0E1FE26}.Debug|x64.Build.0 = Debug|Any CPU
		{89F35B44-C420-48C0-963A-5694E0E1FE26}.Release|Any CPU.ActiveCfg = Release|Any CPU
		{89F35B44-C420-48C0-963A-5694E0E1FE26}.Release|Any CPU.Build.0 = Release|Any CPU
		{89F35B44-C420-48C0-963A-5694E0E1FE26}.Release|Win32.ActiveCfg = Release|Any CPU
		{89F35B44-C420-48C0-963A-5694E0E1FE26}.Release|x64.ActiveCfg = Release|Any CPU
		{89F35B44-C420-48C0-963A-5694E0E1FE26}.ReleaseWithoutAsm|Any CPU.ActiveCfg = Release|Any CPU
		{89F35B44-C420-48C0-963A-5694E0E1FE26}.ReleaseWithoutAsm|Any CPU.Build.0 = Release|Any CPU
		{89F35B44-C420-48C0-963A-5694E0E1FE26}.ReleaseWithoutAsm|Win32.ActiveCfg = Release|Any CPU
		{89F35B44-C420-48C0-963A-5694E0E1FE26}.ReleaseWithoutAsm|x64.ActiveCfg = Release|Any CPU
		{22FE3E45-5FB1-4AEE-8E08-E8F34E5EEC10}.Debug|Any CPU.ActiveCfg = Debug|Any CPU
		{22FE3E45-5FB1-4AEE-8E08-E8F34E5EEC10}.Debug|Any CPU.Build.0 = Debug|Any CPU
		{22FE3E45-5FB1-4AEE-8E08-E8F34E5EEC10}.Debug|Win32.ActiveCfg = Debug|Any CPU
		{22FE3E45-5FB1-4AEE-8E08-E8F34E5EEC10}.Debug|Win32.Build.0 = Debug|Any CPU
		{22FE3E45-5FB1-4AEE-8E08-E8F34E5EEC10}.Debug|x64.ActiveCfg = Debug|Any CPU
		{22FE3E45-5FB1-4AEE-8E08-E8F34E5EEC10}.Debug|x64.Build.0 = Debug|Any CPU
		{22FE3E45-5FB1-4AEE-8E08-E8F34E5EEC10}.Release|Any CPU.ActiveCfg = Release|Any CPU
		{22FE3E45-5FB1-4AEE-8E08-E8F34E5EEC10}.Release|Any CPU.Build.0 = Release|Any CPU
		{22FE3E45-5FB1-4AEE-8E08-E8F34E5EEC10}.Release|Win32.ActiveCfg = Release|Any CPU
		{22FE3E45-5FB1-4AEE-8E08-E8F34E5EEC10}.Release|Win32.Build.0 = Release|Any CPU
		{22FE3E45-5FB1-4AEE-8E08-E8F34E5EEC10}.Release|x64.ActiveCfg = Release|Any CPU
		{22FE3E45-5FB1-4AEE-8E08-E8F34E5EEC10}.Release|x64.Build.0 = Release|Any CPU
		{22FE3E45-5FB1-4AEE-8E08-E8F34E5EEC10}.ReleaseWithoutAsm|Any CPU.ActiveCfg = Release|Any CPU
		{22FE3E45-5FB1-4AEE-8E08-E8F34E5EEC10}.ReleaseWithoutAsm|Any CPU.Build.0 = Release|Any CPU
		{22FE3E45-5FB1-4AEE-8E08-E8F34E5EEC10}.ReleaseWithoutAsm|Win32.ActiveCfg = Release|Any CPU
		{22FE3E45-5FB1-4AEE-8E08-E8F34E5EEC10}.ReleaseWithoutAsm|Win32.Build.0 = Release|Any CPU
		{22FE3E45-5FB1-4AEE-8E08-E8F34E5EEC10}.ReleaseWithoutAsm|x64.ActiveCfg = Release|Any CPU
		{22FE3E45-5FB1-4AEE-8E08-E8F34E5EEC10}.ReleaseWithoutAsm|x64.Build.0 = Release|Any CPU
		{42492E62-360D-4E5B-982A-EC1DCB6A6664}.Debug|Any CPU.ActiveCfg = Debug|Any CPU
		{42492E62-360D-4E5B-982A-EC1DCB6A6664}.Debug|Any CPU.Build.0 = Debug|Any CPU
		{42492E62-360D-4E5B-982A-EC1DCB6A6664}.Debug|Win32.ActiveCfg = Debug|Any CPU
		{42492E62-360D-4E5B-982A-EC1DCB6A6664}.Debug|Win32.Build.0 = Debug|Any CPU
		{42492E62-360D-4E5B-982A-EC1DCB6A6664}.Debug|x64.ActiveCfg = Debug|Any CPU
		{42492E62-360D-4E5B-982A-EC1DCB6A6664}.Debug|x64.Build.0 = Debug|Any CPU
		{42492E62-360D-4E5B-982A-EC1DCB6A6664}.Release|Any CPU.ActiveCfg = Release|Any CPU
		{42492E62-360D-4E5B-982A-EC1DCB6A6664}.Release|Any CPU.Build.0 = Release|Any CPU
		{42492E62-360D-4E5B-982A-EC1DCB6A6664}.Release|Win32.ActiveCfg = Release|Any CPU
		{42492E62-360D-4E5B-982A-EC1DCB6A6664}.Release|Win32.Build.0 = Release|Any CPU
		{42492E62-360D-4E5B-982A-EC1DCB6A6664}.Release|x64.ActiveCfg = Release|Any CPU
		{42492E62-360D-4E5B-982A-EC1DCB6A6664}.Release|x64.Build.0 = Release|Any CPU
		{42492E62-360D-4E5B-982A-EC1DCB6A6664}.ReleaseWithoutAsm|Any CPU.ActiveCfg = Release|Any CPU
		{42492E62-360D-4E5B-982A-EC1DCB6A6664}.ReleaseWithoutAsm|Any CPU.Build.0 = Release|Any CPU
		{42492E62-360D-4E5B-982A-EC1DCB6A6664}.ReleaseWithoutAsm|Win32.ActiveCfg = Release|Any CPU
		{42492E62-360D-4E5B-982A-EC1DCB6A6664}.ReleaseWithoutAsm|Win32.Build.0 = Release|Any CPU
		{42492E62-360D-4E5B-982A-EC1DCB6A6664}.ReleaseWithoutAsm|x64.ActiveCfg = Release|Any CPU
		{42492E62-360D-4E5B-982A-EC1DCB6A6664}.ReleaseWithoutAsm|x64.Build.0 = Release|Any CPU
	EndGlobalSection
	GlobalSection(SolutionProperties) = preSolution
		HideSolutionNode = FALSE
	EndGlobalSection
	GlobalSection(NestedProjects) = preSolution
		{801CC278-82B2-4CEE-84FC-B10B1497A957} = {1D9C4DDD-E840-4F6E-9310-54D21BC13F31}
		{62DF2113-7ACB-43E7-84D1-316F5D2A6A5C} = {1D9C4DDD-E840-4F6E-9310-54D21BC13F31}
		{91C7E5DF-18CD-4C80-A75F-E623974B5601} = {1D9C4DDD-E840-4F6E-9310-54D21BC13F31}
		{0C44D064-B4B5-4A5F-BFCC-4BE3B02036A6} = {1D9C4DDD-E840-4F6E-9310-54D21BC13F31}
		{13944DE4-542B-43B4-BFAC-942B60009B57} = {1D9C4DDD-E840-4F6E-9310-54D21BC13F31}
		{843D6F18-DC96-4311-A05A-8A0266701154} = {1D9C4DDD-E840-4F6E-9310-54D21BC13F31}
		{A664A80B-B15D-4B50-AFB5-A5B580938141} = {1D9C4DDD-E840-4F6E-9310-54D21BC13F31}
		{5EE3D141-364C-43CE-A59C-B52BB374A154} = {1D9C4DDD-E840-4F6E-9310-54D21BC13F31}
		{5A9FF361-146F-4D2E-8CFC-1981D2559AC3} = {1D9C4DDD-E840-4F6E-9310-54D21BC13F31}
		{C4131BFA-DFA2-4AC0-BE07-6C63C22D0BF7} = {1D9C4DDD-E840-4F6E-9310-54D21BC13F31}
		{683D4D7B-623D-4AC7-846E-E5484366EF6F} = {1D9C4DDD-E840-4F6E-9310-54D21BC13F31}
		{0E1EA249-6ABC-4DBB-9110-AF7CF4CDFC89} = {1D9C4DDD-E840-4F6E-9310-54D21BC13F31}
		{89F35B44-C420-48C0-963A-5694E0E1FE26} = {1D9C4DDD-E840-4F6E-9310-54D21BC13F31}
		{22FE3E45-5FB1-4AEE-8E08-E8F34E5EEC10} = {1D9C4DDD-E840-4F6E-9310-54D21BC13F31}
		{42492E62-360D-4E5B-982A-EC1DCB6A6664} = {1D9C4DDD-E840-4F6E-9310-54D21BC13F31}
	EndGlobalSection
	GlobalSection(ExtensibilityGlobals) = postSolution
		SolutionGuid = {2062B9FE-76A2-4F90-8D49-1D40E0D0235C}
	EndGlobalSection
	GlobalSection(MonoDevelopProperties) = preSolution
		StartupItem = Samples\WinSamples\WinSamples.csproj
	EndGlobalSection
EndGlobal
